
Microsoft Visual Studio Solution File, Format Version 12.00
# Visual Studio Version 16
VisualStudioVersion = 16.0.30413.136
MinimumVisualStudioVersion = 10.0.40219.1
Project("{FAE04EC0-301F-11D3-BF4B-00C04F79EFBC}") = "CRUD", "CRUD.csproj", "{3702FFEB-B70C-4653-B26C-4D143D41BAEC}"
EndProject
Global
	GlobalSection(SolutionConfigurationPlatforms) = preSolution
		Debug|Any CPU = Debug|Any CPU
		Release|Any CPU = Release|Any CPU
	EndGlobalSection
	GlobalSection(ProjectConfigurationPlatforms) = postSolution
		{3702FFEB-B70C-4653-B26C-4D143D41BAEC}.Debug|Any CPU.ActiveCfg = Debug|Any CPU
		{3702FFEB-B70C-4653-B26C-4D143D41BAEC}.Debug|Any CPU.Build.0 = Debug|Any CPU
		{3702FFEB-B70C-4653-B26C-4D143D41BAEC}.Release|Any CPU.ActiveCfg = Release|Any CPU
		{3702FFEB-B70C-4653-B26C-4D143D41BAEC}.Release|Any CPU.Build.0 = Release|Any CPU
	EndGlobalSection
	GlobalSection(SolutionProperties) = preSolution
		HideSolutionNode = FALSE
	EndGlobalSection
	GlobalSection(ExtensibilityGlobals) = postSolution
		SolutionGuid = {8E07A04C-47DC-4F02-9DB8-A29E41484CCC}
	EndGlobalSection
EndGlobal
